
Microsoft Visual Studio Solution File, Format Version 12.00
# Visual Studio Version 16
VisualStudioVersion = 16.0.31727.386
MinimumVisualStudioVersion = 10.0.40219.1
Project("{FAE04EC0-301F-11D3-BF4B-00C04F79EFBC}") = "Do_An", "Do_An\Do_An.csproj", "{7DB26191-8D7F-4D98-A760-A134828EA060}"
EndProject
Global
	GlobalSection(SolutionConfigurationPlatforms) = preSolution
		Debug|Any CPU = Debug|Any CPU
		Release|Any CPU = Release|Any CPU
	EndGlobalSection
	GlobalSection(ProjectConfigurationPlatforms) = postSolution
		{7DB26191-8D7F-4D98-A760-A134828EA060}.Debug|Any CPU.ActiveCfg = Debug|Any CPU
		{7DB26191-8D7F-4D98-A760-A134828EA060}.Debug|Any CPU.Build.0 = Debug|Any CPU
		{7DB26191-8D7F-4D98-A760-A134828EA060}.Release|Any CPU.ActiveCfg = Release|Any CPU
		{7DB26191-8D7F-4D98-A760-A134828EA060}.Release|Any CPU.Build.0 = Release|Any CPU
	EndGlobalSection
	GlobalSection(SolutionProperties) = preSolution
		HideSolutionNode = FALSE
	EndGlobalSection
	GlobalSection(ExtensibilityGlobals) = postSolution
		SolutionGuid = {2B637966-1CA0-4D56-AEB1-10C3ADC12DAC}
	EndGlobalSection
EndGlobal
